
Microsoft Visual Studio Solution File, Format Version 12.00
# Visual Studio Version 16
VisualStudioVersion = 16.0.29503.13
MinimumVisualStudioVersion = 10.0.40219.1
Project("{FAE04EC0-301F-11D3-BF4B-00C04F79EFBC}") = "WinPrint", "WinPrint\WinPrint.csproj", "{8552E739-A0BC-454A-8BCF-2048A5AEDD70}"
EndProject
Project("{9A19103F-16F7-4668-BE54-9A1E7A4F7556}") = "WinPrint.Core", "WinPrint.Core\WinPrint.Core.csproj", "{842DFD42-7A99-4B73-8189-BA2E489B1808}"
EndProject
Project("{9A19103F-16F7-4668-BE54-9A1E7A4F7556}") = "WinPrint.Core.Tests.NUnit", "WinPrint.Core.Tests.NUnit\WinPrint.Core.Tests.NUnit.csproj", "{79C5F347-6727-4F8D-97AA-1B0293AE7EEB}"
EndProject
Global
	GlobalSection(SolutionConfigurationPlatforms) = preSolution
		Debug|Any CPU = Debug|Any CPU
		Debug|ARM = Debug|ARM
		Debug|ARM64 = Debug|ARM64
		Debug|x64 = Debug|x64
		Debug|x86 = Debug|x86
		Release|Any CPU = Release|Any CPU
		Release|ARM = Release|ARM
		Release|ARM64 = Release|ARM64
		Release|x64 = Release|x64
		Release|x86 = Release|x86
	EndGlobalSection
	GlobalSection(ProjectConfigurationPlatforms) = postSolution
		{8552E739-A0BC-454A-8BCF-2048A5AEDD70}.Debug|Any CPU.ActiveCfg = Debug|x86
		{8552E739-A0BC-454A-8BCF-2048A5AEDD70}.Debug|ARM.ActiveCfg = Debug|ARM
		{8552E739-A0BC-454A-8BCF-2048A5AEDD70}.Debug|ARM.Build.0 = Debug|ARM
		{8552E739-A0BC-454A-8BCF-2048A5AEDD70}.Debug|ARM.Deploy.0 = Debug|ARM
		{8552E739-A0BC-454A-8BCF-2048A5AEDD70}.Debug|ARM64.ActiveCfg = Debug|ARM64
		{8552E739-A0BC-454A-8BCF-2048A5AEDD70}.Debug|ARM64.Build.0 = Debug|ARM64
		{8552E739-A0BC-454A-8BCF-2048A5AEDD70}.Debug|ARM64.Deploy.0 = Debug|ARM64
		{8552E739-A0BC-454A-8BCF-2048A5AEDD70}.Debug|x64.ActiveCfg = Debug|x64
		{8552E739-A0BC-454A-8BCF-2048A5AEDD70}.Debug|x64.Build.0 = Debug|x64
		{8552E739-A0BC-454A-8BCF-2048A5AEDD70}.Debug|x64.Deploy.0 = Debug|x64
		{8552E739-A0BC-454A-8BCF-2048A5AEDD70}.Debug|x86.ActiveCfg = Debug|x86
		{8552E739-A0BC-454A-8BCF-2048A5AEDD70}.Debug|x86.Build.0 = Debug|x86
		{8552E739-A0BC-454A-8BCF-2048A5AEDD70}.Debug|x86.Deploy.0 = Debug|x86
		{8552E739-A0BC-454A-8BCF-2048A5AEDD70}.Release|Any CPU.ActiveCfg = Release|x86
		{8552E739-A0BC-454A-8BCF-2048A5AEDD70}.Release|ARM.ActiveCfg = Release|ARM
		{8552E739-A0BC-454A-8BCF-2048A5AEDD70}.Release|ARM.Build.0 = Release|ARM
		{8552E739-A0BC-454A-8BCF-2048A5AEDD70}.Release|ARM.Deploy.0 = Release|ARM
		{8552E739-A0BC-454A-8BCF-2048A5AEDD70}.Release|ARM64.ActiveCfg = Release|ARM64
		{8552E739-A0BC-454A-8BCF-2048A5AEDD70}.Release|ARM64.Build.0 = Release|ARM64
		{8552E739-A0BC-454A-8BCF-2048A5AEDD70}.Release|ARM64.Deploy.0 = Release|ARM64
		{8552E739-A0BC-454A-8BCF-2048A5AEDD70}.Release|x64.ActiveCfg = Release|x64
		{8552E739-A0BC-454A-8BCF-2048A5AEDD70}.Release|x64.Build.0 = Release|x64
		{8552E739-A0BC-454A-8BCF-2048A5AEDD70}.Release|x64.Deploy.0 = Release|x64
		{8552E739-A0BC-454A-8BCF-2048A5AEDD70}.Release|x86.ActiveCfg = Release|x86
		{8552E739-A0BC-454A-8BCF-2048A5AEDD70}.Release|x86.Build.0 = Release|x86
		{8552E739-A0BC-454A-8BCF-2048A5AEDD70}.Release|x86.Deploy.0 = Release|x86
		{842DFD42-7A99-4B73-8189-BA2E489B1808}.Debug|Any CPU.ActiveCfg = Debug|Any CPU
		{842DFD42-7A99-4B73-8189-BA2E489B1808}.Debug|Any CPU.Build.0 = Debug|Any CPU
		{842DFD42-7A99-4B73-8189-BA2E489B1808}.Debug|ARM.ActiveCfg = Debug|Any CPU
		{842DFD42-7A99-4B73-8189-BA2E489B1808}.Debug|ARM.Build.0 = Debug|Any CPU
		{842DFD42-7A99-4B73-8189-BA2E489B1808}.Debug|ARM64.ActiveCfg = Debug|Any CPU
		{842DFD42-7A99-4B73-8189-BA2E489B1808}.Debug|ARM64.Build.0 = Debug|Any CPU
		{842DFD42-7A99-4B73-8189-BA2E489B1808}.Debug|x64.ActiveCfg = Debug|Any CPU
		{842DFD42-7A99-4B73-8189-BA2E489B1808}.Debug|x64.Build.0 = Debug|Any CPU
		{842DFD42-7A99-4B73-8189-BA2E489B1808}.Debug|x86.ActiveCfg = Debug|Any CPU
		{842DFD42-7A99-4B73-8189-BA2E489B1808}.Debug|x86.Build.0 = Debug|Any CPU
		{842DFD42-7A99-4B73-8189-BA2E489B1808}.Release|Any CPU.ActiveCfg = Release|Any CPU
		{842DFD42-7A99-4B73-8189-BA2E489B1808}.Release|Any CPU.Build.0 = Release|Any CPU
		{842DFD42-7A99-4B73-8189-BA2E489B1808}.Release|ARM.ActiveCfg = Release|Any CPU
		{842DFD42-7A99-4B73-8189-BA2E489B1808}.Release|ARM.Build.0 = Release|Any CPU
		{842DFD42-7A99-4B73-8189-BA2E489B1808}.Release|ARM64.ActiveCfg = Release|Any CPU
		{842DFD42-7A99-4B73-8189-BA2E489B1808}.Release|ARM64.Build.0 = Release|Any CPU
		{842DFD42-7A99-4B73-8189-BA2E489B1808}.Release|x64.ActiveCfg = Release|Any CPU
		{842DFD42-7A99-4B73-8189-BA2E489B1808}.Release|x64.Build.0 = Release|Any CPU
		{842DFD42-7A99-4B73-8189-BA2E489B1808}.Release|x86.ActiveCfg = Release|Any CPU
		{842DFD42-7A99-4B73-8189-BA2E489B1808}.Release|x86.Build.0 = Release|Any CPU
		{79C5F347-6727-4F8D-97AA-1B0293AE7EEB}.Debug|Any CPU.ActiveCfg = Debug|Any CPU
		{79C5F347-6727-4F8D-97AA-1B0293AE7EEB}.Debug|Any CPU.Build.0 = Debug|Any CPU
		{79C5F347-6727-4F8D-97AA-1B0293AE7EEB}.Debug|ARM.ActiveCfg = Debug|Any CPU
		{79C5F347-6727-4F8D-97AA-1B0293AE7EEB}.Debug|ARM.Build.0 = Debug|Any CPU
		{79C5F347-6727-4F8D-97AA-1B0293AE7EEB}.Debug|ARM64.ActiveCfg = Debug|Any CPU
		{79C5F347-6727-4F8D-97AA-1B0293AE7EEB}.Debug|ARM64.Build.0 = Debug|Any CPU
		{79C5F347-6727-4F8D-97AA-1B0293AE7EEB}.Debug|x64.ActiveCfg = Debug|Any CPU
		{79C5F347-6727-4F8D-97AA-1B0293AE7EEB}.Debug|x64.Build.0 = Debug|Any CPU
		{79C5F347-6727-4F8D-97AA-1B0293AE7EEB}.Debug|x86.ActiveCfg = Debug|Any CPU
		{79C5F347-6727-4F8D-97AA-1B0293AE7EEB}.Debug|x86.Build.0 = Debug|Any CPU
		{79C5F347-6727-4F8D-97AA-1B0293AE7EEB}.Release|Any CPU.ActiveCfg = Release|Any CPU
		{79C5F347-6727-4F8D-97AA-1B0293AE7EEB}.Release|Any CPU.Build.0 = Release|Any CPU
		{79C5F347-6727-4F8D-97AA-1B0293AE7EEB}.Release|ARM.ActiveCfg = Release|Any CPU
		{79C5F347-6727-4F8D-97AA-1B0293AE7EEB}.Release|ARM.Build.0 = Release|Any CPU
		{79C5F347-6727-4F8D-97AA-1B0293AE7EEB}.Release|ARM64.ActiveCfg = Release|Any CPU
		{79C5F347-6727-4F8D-97AA-1B0293AE7EEB}.Release|ARM64.Build.0 = Release|Any CPU
		{79C5F347-6727-4F8D-97AA-1B0293AE7EEB}.Release|x64.ActiveCfg = Release|Any CPU
		{79C5F347-6727-4F8D-97AA-1B0293AE7EEB}.Release|x64.Build.0 = Release|Any CPU
		{79C5F347-6727-4F8D-97AA-1B0293AE7EEB}.Release|x86.ActiveCfg = Release|Any CPU
		{79C5F347-6727-4F8D-97AA-1B0293AE7EEB}.Release|x86.Build.0 = Release|Any CPU
	EndGlobalSection
	GlobalSection(SolutionProperties) = preSolution
		HideSolutionNode = FALSE
	EndGlobalSection
	GlobalSection(ExtensibilityGlobals) = postSolution
		SolutionGuid = {7EE1568A-F6ED-4B21-B703-12B4DD6B5076}
	EndGlobalSection
EndGlobal
