
Microsoft Visual Studio Solution File, Format Version 12.00
# Visual Studio Version 16
VisualStudioVersion = 16.0.29503.13
MinimumVisualStudioVersion = 10.0.40219.1
Project("{9A19103F-16F7-4668-BE54-9A1E7A4F7556}") = "WinPrint", "WinPrint\WinPrint.csproj", "{6DEA2A6F-7ECA-411C-B25A-2B7293AFD336}"
EndProject
Project("{9A19103F-16F7-4668-BE54-9A1E7A4F7556}") = "WinPrint.Core", "WinPrint.Core\WinPrint.Core.csproj", "{78B6744F-DF3E-4D86-ACE5-18854A0AF54E}"
EndProject
Project("{9A19103F-16F7-4668-BE54-9A1E7A4F7556}") = "WinPrint.Tests", "WinPrint.Tests\WinPrint.Tests.csproj", "{DE9EE5E6-7A28-4CFF-8066-FDCCCCDB42C3}"
	ProjectSection(ProjectDependencies) = postProject
		{78B6744F-DF3E-4D86-ACE5-18854A0AF54E} = {78B6744F-DF3E-4D86-ACE5-18854A0AF54E}
	EndProjectSection
EndProject
Global
	GlobalSection(SolutionConfigurationPlatforms) = preSolution
		Debug|Any CPU = Debug|Any CPU
		Release|Any CPU = Release|Any CPU
	EndGlobalSection
	GlobalSection(ProjectConfigurationPlatforms) = postSolution
		{6DEA2A6F-7ECA-411C-B25A-2B7293AFD336}.Debug|Any CPU.ActiveCfg = Debug|Any CPU
		{6DEA2A6F-7ECA-411C-B25A-2B7293AFD336}.Debug|Any CPU.Build.0 = Debug|Any CPU
		{6DEA2A6F-7ECA-411C-B25A-2B7293AFD336}.Release|Any CPU.ActiveCfg = Release|Any CPU
		{6DEA2A6F-7ECA-411C-B25A-2B7293AFD336}.Release|Any CPU.Build.0 = Release|Any CPU
		{78B6744F-DF3E-4D86-ACE5-18854A0AF54E}.Debug|Any CPU.ActiveCfg = Debug|Any CPU
		{78B6744F-DF3E-4D86-ACE5-18854A0AF54E}.Debug|Any CPU.Build.0 = Debug|Any CPU
		{78B6744F-DF3E-4D86-ACE5-18854A0AF54E}.Release|Any CPU.ActiveCfg = Release|Any CPU
		{78B6744F-DF3E-4D86-ACE5-18854A0AF54E}.Release|Any CPU.Build.0 = Release|Any CPU
		{DE9EE5E6-7A28-4CFF-8066-FDCCCCDB42C3}.Debug|Any CPU.ActiveCfg = Debug|Any CPU
		{DE9EE5E6-7A28-4CFF-8066-FDCCCCDB42C3}.Debug|Any CPU.Build.0 = Debug|Any CPU
		{DE9EE5E6-7A28-4CFF-8066-FDCCCCDB42C3}.Release|Any CPU.ActiveCfg = Release|Any CPU
		{DE9EE5E6-7A28-4CFF-8066-FDCCCCDB42C3}.Release|Any CPU.Build.0 = Release|Any CPU
	EndGlobalSection
	GlobalSection(SolutionProperties) = preSolution
		HideSolutionNode = FALSE
	EndGlobalSection
	GlobalSection(ExtensibilityGlobals) = postSolution
		SolutionGuid = {7FA61957-25B2-40E5-B7AF-AC404DAF2B20}
	EndGlobalSection
EndGlobal
