
Microsoft Visual Studio Solution File, Format Version 12.00
# Visual Studio Version 16
VisualStudioVersion = 16.0.29521.150
MinimumVisualStudioVersion = 10.0.40219.1
Project("{FAE04EC0-301F-11D3-BF4B-00C04F79EFBC}") = "litehtml_lib", "litehtml_lib\litehtml_lib.csproj", "{00D98B50-B7E6-4AE5-84DB-7FB7E29C5CE2}"
EndProject
Global
	GlobalSection(SolutionConfigurationPlatforms) = preSolution
		Debug|Any CPU = Debug|Any CPU
		Release|Any CPU = Release|Any CPU
	EndGlobalSection
	GlobalSection(ProjectConfigurationPlatforms) = postSolution
		{00D98B50-B7E6-4AE5-84DB-7FB7E29C5CE2}.Debug|Any CPU.ActiveCfg = Debug|Any CPU
		{00D98B50-B7E6-4AE5-84DB-7FB7E29C5CE2}.Debug|Any CPU.Build.0 = Debug|Any CPU
		{00D98B50-B7E6-4AE5-84DB-7FB7E29C5CE2}.Release|Any CPU.ActiveCfg = Release|Any CPU
		{00D98B50-B7E6-4AE5-84DB-7FB7E29C5CE2}.Release|Any CPU.Build.0 = Release|Any CPU
	EndGlobalSection
	GlobalSection(SolutionProperties) = preSolution
		HideSolutionNode = FALSE
	EndGlobalSection
	GlobalSection(ExtensibilityGlobals) = postSolution
		SolutionGuid = {C1DE5E3D-8226-4D01-A059-B7481EB544BB}
	EndGlobalSection
EndGlobal
