
Microsoft Visual Studio Solution File, Format Version 12.00
# Visual Studio Version 16
VisualStudioVersion = 16.0.29503.13
MinimumVisualStudioVersion = 10.0.40219.1
Project("{9A19103F-16F7-4668-BE54-9A1E7A4F7556}") = "WinPrint.WinForms", "WinPrint.WinForms\WinPrint.WinForms.csproj", "{6DEA2A6F-7ECA-411C-B25A-2B7293AFD336}"
EndProject
Project("{9A19103F-16F7-4668-BE54-9A1E7A4F7556}") = "WinPrint.Core", "WinPrint.Core\WinPrint.Core.csproj", "{78B6744F-DF3E-4D86-ACE5-18854A0AF54E}"
EndProject
Project("{9A19103F-16F7-4668-BE54-9A1E7A4F7556}") = "WinPrint.Tests", "WinPrint.Tests\WinPrint.Tests.csproj", "{DE9EE5E6-7A28-4CFF-8066-FDCCCCDB42C3}"
	ProjectSection(ProjectDependencies) = postProject
		{78B6744F-DF3E-4D86-ACE5-18854A0AF54E} = {78B6744F-DF3E-4D86-ACE5-18854A0AF54E}
	EndProjectSection
EndProject
Project("{9A19103F-16F7-4668-BE54-9A1E7A4F7556}") = "WinPrint.Console", "WinPrint.Console\WinPrint.Console.csproj", "{A82F3B2B-5E3A-49B8-8552-983D06081186}"
EndProject
Project("{9A19103F-16F7-4668-BE54-9A1E7A4F7556}") = "WinPrint.LiteHtml", "WinPrint.LiteHtml\WinPrint.LiteHtml.csproj", "{DC42119D-15B4-42C2-A45E-518BA4EDDFAE}"
EndProject
Project("{FAE04EC0-301F-11D3-BF4B-00C04F79EFBC}") = "WinPrint.Installer", "WinPrint.Installer\WinPrint.Installer.csproj", "{29DF07CE-4648-47DE-8440-3DB54D49D5D2}"
	ProjectSection(ProjectDependencies) = postProject
		{A82F3B2B-5E3A-49B8-8552-983D06081186} = {A82F3B2B-5E3A-49B8-8552-983D06081186}
		{78B6744F-DF3E-4D86-ACE5-18854A0AF54E} = {78B6744F-DF3E-4D86-ACE5-18854A0AF54E}
		{6DEA2A6F-7ECA-411C-B25A-2B7293AFD336} = {6DEA2A6F-7ECA-411C-B25A-2B7293AFD336}
		{DC42119D-15B4-42C2-A45E-518BA4EDDFAE} = {DC42119D-15B4-42C2-A45E-518BA4EDDFAE}
		{7929DCAA-03B6-4712-98B4-BC9F8F136F72} = {7929DCAA-03B6-4712-98B4-BC9F8F136F72}
	EndProjectSection
EndProject
Project("{9A19103F-16F7-4668-BE54-9A1E7A4F7556}") = "WinPrint.PowerShell", "WinPrint.PowerShell\WinPrint.PowerShell.csproj", "{7929DCAA-03B6-4712-98B4-BC9F8F136F72}"
	ProjectSection(ProjectDependencies) = postProject
		{78B6744F-DF3E-4D86-ACE5-18854A0AF54E} = {78B6744F-DF3E-4D86-ACE5-18854A0AF54E}
	EndProjectSection
EndProject
Global
	GlobalSection(SolutionConfigurationPlatforms) = preSolution
		Debug|Any CPU = Debug|Any CPU
		Debug|x86 = Debug|x86
		Release|Any CPU = Release|Any CPU
		Release|x86 = Release|x86
	EndGlobalSection
	GlobalSection(ProjectConfigurationPlatforms) = postSolution
		{6DEA2A6F-7ECA-411C-B25A-2B7293AFD336}.Debug|Any CPU.ActiveCfg = Debug|Any CPU
		{6DEA2A6F-7ECA-411C-B25A-2B7293AFD336}.Debug|Any CPU.Build.0 = Debug|Any CPU
		{6DEA2A6F-7ECA-411C-B25A-2B7293AFD336}.Debug|x86.ActiveCfg = Debug|Any CPU
		{6DEA2A6F-7ECA-411C-B25A-2B7293AFD336}.Debug|x86.Build.0 = Debug|Any CPU
		{6DEA2A6F-7ECA-411C-B25A-2B7293AFD336}.Release|Any CPU.ActiveCfg = Release|Any CPU
		{6DEA2A6F-7ECA-411C-B25A-2B7293AFD336}.Release|Any CPU.Build.0 = Release|Any CPU
		{6DEA2A6F-7ECA-411C-B25A-2B7293AFD336}.Release|x86.ActiveCfg = Release|Any CPU
		{6DEA2A6F-7ECA-411C-B25A-2B7293AFD336}.Release|x86.Build.0 = Release|Any CPU
		{78B6744F-DF3E-4D86-ACE5-18854A0AF54E}.Debug|Any CPU.ActiveCfg = Debug|Any CPU
		{78B6744F-DF3E-4D86-ACE5-18854A0AF54E}.Debug|Any CPU.Build.0 = Debug|Any CPU
		{78B6744F-DF3E-4D86-ACE5-18854A0AF54E}.Debug|x86.ActiveCfg = Debug|x86
		{78B6744F-DF3E-4D86-ACE5-18854A0AF54E}.Debug|x86.Build.0 = Debug|x86
		{78B6744F-DF3E-4D86-ACE5-18854A0AF54E}.Release|Any CPU.ActiveCfg = Release|Any CPU
		{78B6744F-DF3E-4D86-ACE5-18854A0AF54E}.Release|Any CPU.Build.0 = Release|Any CPU
		{78B6744F-DF3E-4D86-ACE5-18854A0AF54E}.Release|x86.ActiveCfg = Release|Any CPU
		{78B6744F-DF3E-4D86-ACE5-18854A0AF54E}.Release|x86.Build.0 = Release|Any CPU
		{DE9EE5E6-7A28-4CFF-8066-FDCCCCDB42C3}.Debug|Any CPU.ActiveCfg = Debug|Any CPU
		{DE9EE5E6-7A28-4CFF-8066-FDCCCCDB42C3}.Debug|Any CPU.Build.0 = Debug|Any CPU
		{DE9EE5E6-7A28-4CFF-8066-FDCCCCDB42C3}.Debug|x86.ActiveCfg = Debug|x86
		{DE9EE5E6-7A28-4CFF-8066-FDCCCCDB42C3}.Debug|x86.Build.0 = Debug|x86
		{DE9EE5E6-7A28-4CFF-8066-FDCCCCDB42C3}.Release|Any CPU.ActiveCfg = Release|Any CPU
		{DE9EE5E6-7A28-4CFF-8066-FDCCCCDB42C3}.Release|x86.ActiveCfg = Release|Any CPU
		{DE9EE5E6-7A28-4CFF-8066-FDCCCCDB42C3}.Release|x86.Build.0 = Release|Any CPU
		{A82F3B2B-5E3A-49B8-8552-983D06081186}.Debug|Any CPU.ActiveCfg = Debug|Any CPU
		{A82F3B2B-5E3A-49B8-8552-983D06081186}.Debug|Any CPU.Build.0 = Debug|Any CPU
		{A82F3B2B-5E3A-49B8-8552-983D06081186}.Debug|x86.ActiveCfg = Debug|Any CPU
		{A82F3B2B-5E3A-49B8-8552-983D06081186}.Debug|x86.Build.0 = Debug|Any CPU
		{A82F3B2B-5E3A-49B8-8552-983D06081186}.Release|Any CPU.ActiveCfg = Release|Any CPU
		{A82F3B2B-5E3A-49B8-8552-983D06081186}.Release|Any CPU.Build.0 = Release|Any CPU
		{A82F3B2B-5E3A-49B8-8552-983D06081186}.Release|x86.ActiveCfg = Release|Any CPU
		{A82F3B2B-5E3A-49B8-8552-983D06081186}.Release|x86.Build.0 = Release|Any CPU
		{DC42119D-15B4-42C2-A45E-518BA4EDDFAE}.Debug|Any CPU.ActiveCfg = Debug|Any CPU
		{DC42119D-15B4-42C2-A45E-518BA4EDDFAE}.Debug|Any CPU.Build.0 = Debug|Any CPU
		{DC42119D-15B4-42C2-A45E-518BA4EDDFAE}.Debug|x86.ActiveCfg = Debug|Any CPU
		{DC42119D-15B4-42C2-A45E-518BA4EDDFAE}.Debug|x86.Build.0 = Debug|Any CPU
		{DC42119D-15B4-42C2-A45E-518BA4EDDFAE}.Release|Any CPU.ActiveCfg = Release|Any CPU
		{DC42119D-15B4-42C2-A45E-518BA4EDDFAE}.Release|Any CPU.Build.0 = Release|Any CPU
		{DC42119D-15B4-42C2-A45E-518BA4EDDFAE}.Release|x86.ActiveCfg = Release|Any CPU
		{DC42119D-15B4-42C2-A45E-518BA4EDDFAE}.Release|x86.Build.0 = Release|Any CPU
		{29DF07CE-4648-47DE-8440-3DB54D49D5D2}.Debug|Any CPU.ActiveCfg = Debug|Any CPU
		{29DF07CE-4648-47DE-8440-3DB54D49D5D2}.Debug|x86.ActiveCfg = Debug|Any CPU
		{29DF07CE-4648-47DE-8440-3DB54D49D5D2}.Debug|x86.Build.0 = Debug|Any CPU
		{29DF07CE-4648-47DE-8440-3DB54D49D5D2}.Release|Any CPU.ActiveCfg = Release|Any CPU
		{29DF07CE-4648-47DE-8440-3DB54D49D5D2}.Release|Any CPU.Build.0 = Release|Any CPU
		{29DF07CE-4648-47DE-8440-3DB54D49D5D2}.Release|x86.ActiveCfg = Release|Any CPU
		{29DF07CE-4648-47DE-8440-3DB54D49D5D2}.Release|x86.Build.0 = Release|Any CPU
		{7929DCAA-03B6-4712-98B4-BC9F8F136F72}.Debug|Any CPU.ActiveCfg = Debug|Any CPU
		{7929DCAA-03B6-4712-98B4-BC9F8F136F72}.Debug|Any CPU.Build.0 = Debug|Any CPU
		{7929DCAA-03B6-4712-98B4-BC9F8F136F72}.Debug|x86.ActiveCfg = Debug|Any CPU
		{7929DCAA-03B6-4712-98B4-BC9F8F136F72}.Debug|x86.Build.0 = Debug|Any CPU
		{7929DCAA-03B6-4712-98B4-BC9F8F136F72}.Release|Any CPU.ActiveCfg = Release|Any CPU
		{7929DCAA-03B6-4712-98B4-BC9F8F136F72}.Release|Any CPU.Build.0 = Release|Any CPU
		{7929DCAA-03B6-4712-98B4-BC9F8F136F72}.Release|x86.ActiveCfg = Release|Any CPU
		{7929DCAA-03B6-4712-98B4-BC9F8F136F72}.Release|x86.Build.0 = Release|Any CPU
	EndGlobalSection
	GlobalSection(SolutionProperties) = preSolution
		HideSolutionNode = FALSE
	EndGlobalSection
	GlobalSection(ExtensibilityGlobals) = postSolution
		SolutionGuid = {7FA61957-25B2-40E5-B7AF-AC404DAF2B20}
	EndGlobalSection
EndGlobal
